
Microsoft Visual Studio Solution File, Format Version 12.00
# Visual Studio 14
VisualStudioVersion = 14.0.25420.1
MinimumVisualStudioVersion = 10.0.40219.1
Project("{FAE04EC0-301F-11D3-BF4B-00C04F79EFBC}") = "Backend", "Backend\Backend.csproj", "{B34504D2-4CC1-4AD6-BD12-817CA9104248}"
EndProject
Project("{FAE04EC0-301F-11D3-BF4B-00C04F79EFBC}") = "TaskList", "TaskList\TaskList\TaskList.csproj", "{C21DA56A-270D-4824-A01C-304791B52A64}"
EndProject
Project("{FAE04EC0-301F-11D3-BF4B-00C04F79EFBC}") = "TaskList.Droid", "TaskList\TaskList.Droid\TaskList.Droid.csproj", "{1FDE7622-F353-44F5-A1D0-33394261A3F1}"
EndProject
Project("{FAE04EC0-301F-11D3-BF4B-00C04F79EFBC}") = "TaskList.iOS", "TaskList\TaskList.iOS\TaskList.iOS.csproj", "{5159C676-1CD2-47E6-A059-0580E32F5EAF}"
EndProject
Project("{FAE04EC0-301F-11D3-BF4B-00C04F79EFBC}") = "TaskList.UWP", "TaskList\TaskList.UWP\TaskList.UWP.csproj", "{72839D1A-E6B3-43AB-83C9-F83AF1F27D99}"
EndProject
Global
	GlobalSection(SolutionConfigurationPlatforms) = preSolution
		Ad-Hoc|Any CPU = Ad-Hoc|Any CPU
		Ad-Hoc|ARM = Ad-Hoc|ARM
		Ad-Hoc|iPhone = Ad-Hoc|iPhone
		Ad-Hoc|iPhoneSimulator = Ad-Hoc|iPhoneSimulator
		Ad-Hoc|x64 = Ad-Hoc|x64
		Ad-Hoc|x86 = Ad-Hoc|x86
		AppStore|Any CPU = AppStore|Any CPU
		AppStore|ARM = AppStore|ARM
		AppStore|iPhone = AppStore|iPhone
		AppStore|iPhoneSimulator = AppStore|iPhoneSimulator
		AppStore|x64 = AppStore|x64
		AppStore|x86 = AppStore|x86
		Debug|Any CPU = Debug|Any CPU
		Debug|ARM = Debug|ARM
		Debug|iPhone = Debug|iPhone
		Debug|iPhoneSimulator = Debug|iPhoneSimulator
		Debug|x64 = Debug|x64
		Debug|x86 = Debug|x86
		Release|Any CPU = Release|Any CPU
		Release|ARM = Release|ARM
		Release|iPhone = Release|iPhone
		Release|iPhoneSimulator = Release|iPhoneSimulator
		Release|x64 = Release|x64
		Release|x86 = Release|x86
	EndGlobalSection
	GlobalSection(ProjectConfigurationPlatforms) = postSolution
		{B34504D2-4CC1-4AD6-BD12-817CA9104248}.Ad-Hoc|Any CPU.ActiveCfg = Release|Any CPU
		{B34504D2-4CC1-4AD6-BD12-817CA9104248}.Ad-Hoc|Any CPU.Build.0 = Release|Any CPU
		{B34504D2-4CC1-4AD6-BD12-817CA9104248}.Ad-Hoc|ARM.ActiveCfg = Release|Any CPU
		{B34504D2-4CC1-4AD6-BD12-817CA9104248}.Ad-Hoc|ARM.Build.0 = Release|Any CPU
		{B34504D2-4CC1-4AD6-BD12-817CA9104248}.Ad-Hoc|iPhone.ActiveCfg = Release|Any CPU
		{B34504D2-4CC1-4AD6-BD12-817CA9104248}.Ad-Hoc|iPhone.Build.0 = Release|Any CPU
		{B34504D2-4CC1-4AD6-BD12-817CA9104248}.Ad-Hoc|iPhoneSimulator.ActiveCfg = Release|Any CPU
		{B34504D2-4CC1-4AD6-BD12-817CA9104248}.Ad-Hoc|iPhoneSimulator.Build.0 = Release|Any CPU
		{B34504D2-4CC1-4AD6-BD12-817CA9104248}.Ad-Hoc|x64.ActiveCfg = Release|Any CPU
		{B34504D2-4CC1-4AD6-BD12-817CA9104248}.Ad-Hoc|x64.Build.0 = Release|Any CPU
		{B34504D2-4CC1-4AD6-BD12-817CA9104248}.Ad-Hoc|x86.ActiveCfg = Release|Any CPU
		{B34504D2-4CC1-4AD6-BD12-817CA9104248}.Ad-Hoc|x86.Build.0 = Release|Any CPU
		{B34504D2-4CC1-4AD6-BD12-817CA9104248}.AppStore|Any CPU.ActiveCfg = Release|Any CPU
		{B34504D2-4CC1-4AD6-BD12-817CA9104248}.AppStore|Any CPU.Build.0 = Release|Any CPU
		{B34504D2-4CC1-4AD6-BD12-817CA9104248}.AppStore|ARM.ActiveCfg = Release|Any CPU
		{B34504D2-4CC1-4AD6-BD12-817CA9104248}.AppStore|ARM.Build.0 = Release|Any CPU
		{B34504D2-4CC1-4AD6-BD12-817CA9104248}.AppStore|iPhone.ActiveCfg = Release|Any CPU
		{B34504D2-4CC1-4AD6-BD12-817CA9104248}.AppStore|iPhone.Build.0 = Release|Any CPU
		{B34504D2-4CC1-4AD6-BD12-817CA9104248}.AppStore|iPhoneSimulator.ActiveCfg = Release|Any CPU
		{B34504D2-4CC1-4AD6-BD12-817CA9104248}.AppStore|iPhoneSimulator.Build.0 = Release|Any CPU
		{B34504D2-4CC1-4AD6-BD12-817CA9104248}.AppStore|x64.ActiveCfg = Release|Any CPU
		{B34504D2-4CC1-4AD6-BD12-817CA9104248}.AppStore|x64.Build.0 = Release|Any CPU
		{B34504D2-4CC1-4AD6-BD12-817CA9104248}.AppStore|x86.ActiveCfg = Release|Any CPU
		{B34504D2-4CC1-4AD6-BD12-817CA9104248}.AppStore|x86.Build.0 = Release|Any CPU
		{B34504D2-4CC1-4AD6-BD12-817CA9104248}.Debug|Any CPU.ActiveCfg = Debug|Any CPU
		{B34504D2-4CC1-4AD6-BD12-817CA9104248}.Debug|Any CPU.Build.0 = Debug|Any CPU
		{B34504D2-4CC1-4AD6-BD12-817CA9104248}.Debug|ARM.ActiveCfg = Debug|Any CPU
		{B34504D2-4CC1-4AD6-BD12-817CA9104248}.Debug|ARM.Build.0 = Debug|Any CPU
		{B34504D2-4CC1-4AD6-BD12-817CA9104248}.Debug|iPhone.ActiveCfg = Debug|Any CPU
		{B34504D2-4CC1-4AD6-BD12-817CA9104248}.Debug|iPhone.Build.0 = Debug|Any CPU
		{B34504D2-4CC1-4AD6-BD12-817CA9104248}.Debug|iPhoneSimulator.ActiveCfg = Debug|Any CPU
		{B34504D2-4CC1-4AD6-BD12-817CA9104248}.Debug|iPhoneSimulator.Build.0 = Debug|Any CPU
		{B34504D2-4CC1-4AD6-BD12-817CA9104248}.Debug|x64.ActiveCfg = Debug|Any CPU
		{B34504D2-4CC1-4AD6-BD12-817CA9104248}.Debug|x64.Build.0 = Debug|Any CPU
		{B34504D2-4CC1-4AD6-BD12-817CA9104248}.Debug|x86.ActiveCfg = Debug|Any CPU
		{B34504D2-4CC1-4AD6-BD12-817CA9104248}.Debug|x86.Build.0 = Debug|Any CPU
		{B34504D2-4CC1-4AD6-BD12-817CA9104248}.Release|Any CPU.ActiveCfg = Release|Any CPU
		{B34504D2-4CC1-4AD6-BD12-817CA9104248}.Release|Any CPU.Build.0 = Release|Any CPU
		{B34504D2-4CC1-4AD6-BD12-817CA9104248}.Release|ARM.ActiveCfg = Release|Any CPU
		{B34504D2-4CC1-4AD6-BD12-817CA9104248}.Release|ARM.Build.0 = Release|Any CPU
		{B34504D2-4CC1-4AD6-BD12-817CA9104248}.Release|iPhone.ActiveCfg = Release|Any CPU
		{B34504D2-4CC1-4AD6-BD12-817CA9104248}.Release|iPhone.Build.0 = Release|Any CPU
		{B34504D2-4CC1-4AD6-BD12-817CA9104248}.Release|iPhoneSimulator.ActiveCfg = Release|Any CPU
		{B34504D2-4CC1-4AD6-BD12-817CA9104248}.Release|iPhoneSimulator.Build.0 = Release|Any CPU
		{B34504D2-4CC1-4AD6-BD12-817CA9104248}.Release|x64.ActiveCfg = Release|Any CPU
		{B34504D2-4CC1-4AD6-BD12-817CA9104248}.Release|x64.Build.0 = Release|Any CPU
		{B34504D2-4CC1-4AD6-BD12-817CA9104248}.Release|x86.ActiveCfg = Release|Any CPU
		{B34504D2-4CC1-4AD6-BD12-817CA9104248}.Release|x86.Build.0 = Release|Any CPU
		{C21DA56A-270D-4824-A01C-304791B52A64}.Ad-Hoc|Any CPU.ActiveCfg = Release|Any CPU
		{C21DA56A-270D-4824-A01C-304791B52A64}.Ad-Hoc|Any CPU.Build.0 = Release|Any CPU
		{C21DA56A-270D-4824-A01C-304791B52A64}.Ad-Hoc|ARM.ActiveCfg = Release|Any CPU
		{C21DA56A-270D-4824-A01C-304791B52A64}.Ad-Hoc|ARM.Build.0 = Release|Any CPU
		{C21DA56A-270D-4824-A01C-304791B52A64}.Ad-Hoc|iPhone.ActiveCfg = Release|Any CPU
		{C21DA56A-270D-4824-A01C-304791B52A64}.Ad-Hoc|iPhone.Build.0 = Release|Any CPU
		{C21DA56A-270D-4824-A01C-304791B52A64}.Ad-Hoc|iPhoneSimulator.ActiveCfg = Release|Any CPU
		{C21DA56A-270D-4824-A01C-304791B52A64}.Ad-Hoc|iPhoneSimulator.Build.0 = Release|Any CPU
		{C21DA56A-270D-4824-A01C-304791B52A64}.Ad-Hoc|x64.ActiveCfg = Release|Any CPU
		{C21DA56A-270D-4824-A01C-304791B52A64}.Ad-Hoc|x64.Build.0 = Release|Any CPU
		{C21DA56A-270D-4824-A01C-304791B52A64}.Ad-Hoc|x86.ActiveCfg = Release|Any CPU
		{C21DA56A-270D-4824-A01C-304791B52A64}.Ad-Hoc|x86.Build.0 = Release|Any CPU
		{C21DA56A-270D-4824-A01C-304791B52A64}.AppStore|Any CPU.ActiveCfg = Release|Any CPU
		{C21DA56A-270D-4824-A01C-304791B52A64}.AppStore|Any CPU.Build.0 = Release|Any CPU
		{C21DA56A-270D-4824-A01C-304791B52A64}.AppStore|ARM.ActiveCfg = Release|Any CPU
		{C21DA56A-270D-4824-A01C-304791B52A64}.AppStore|ARM.Build.0 = Release|Any CPU
		{C21DA56A-270D-4824-A01C-304791B52A64}.AppStore|iPhone.ActiveCfg = Release|Any CPU
		{C21DA56A-270D-4824-A01C-304791B52A64}.AppStore|iPhone.Build.0 = Release|Any CPU
		{C21DA56A-270D-4824-A01C-304791B52A64}.AppStore|iPhoneSimulator.ActiveCfg = Release|Any CPU
		{C21DA56A-270D-4824-A01C-304791B52A64}.AppStore|iPhoneSimulator.Build.0 = Release|Any CPU
		{C21DA56A-270D-4824-A01C-304791B52A64}.AppStore|x64.ActiveCfg = Release|Any CPU
		{C21DA56A-270D-4824-A01C-304791B52A64}.AppStore|x64.Build.0 = Release|Any CPU
		{C21DA56A-270D-4824-A01C-304791B52A64}.AppStore|x86.ActiveCfg = Release|Any CPU
		{C21DA56A-270D-4824-A01C-304791B52A64}.AppStore|x86.Build.0 = Release|Any CPU
		{C21DA56A-270D-4824-A01C-304791B52A64}.Debug|Any CPU.ActiveCfg = Debug|Any CPU
		{C21DA56A-270D-4824-A01C-304791B52A64}.Debug|Any CPU.Build.0 = Debug|Any CPU
		{C21DA56A-270D-4824-A01C-304791B52A64}.Debug|ARM.ActiveCfg = Debug|Any CPU
		{C21DA56A-270D-4824-A01C-304791B52A64}.Debug|ARM.Build.0 = Debug|Any CPU
		{C21DA56A-270D-4824-A01C-304791B52A64}.Debug|iPhone.ActiveCfg = Debug|Any CPU
		{C21DA56A-270D-4824-A01C-304791B52A64}.Debug|iPhone.Build.0 = Debug|Any CPU
		{C21DA56A-270D-4824-A01C-304791B52A64}.Debug|iPhoneSimulator.ActiveCfg = Debug|Any CPU
		{C21DA56A-270D-4824-A01C-304791B52A64}.Debug|iPhoneSimulator.Build.0 = Debug|Any CPU
		{C21DA56A-270D-4824-A01C-304791B52A64}.Debug|x64.ActiveCfg = Debug|Any CPU
		{C21DA56A-270D-4824-A01C-304791B52A64}.Debug|x64.Build.0 = Debug|Any CPU
		{C21DA56A-270D-4824-A01C-304791B52A64}.Debug|x86.ActiveCfg = Debug|Any CPU
		{C21DA56A-270D-4824-A01C-304791B52A64}.Debug|x86.Build.0 = Debug|Any CPU
		{C21DA56A-270D-4824-A01C-304791B52A64}.Release|Any CPU.ActiveCfg = Release|Any CPU
		{C21DA56A-270D-4824-A01C-304791B52A64}.Release|Any CPU.Build.0 = Release|Any CPU
		{C21DA56A-270D-4824-A01C-304791B52A64}.Release|ARM.ActiveCfg = Release|Any CPU
		{C21DA56A-270D-4824-A01C-304791B52A64}.Release|ARM.Build.0 = Release|Any CPU
		{C21DA56A-270D-4824-A01C-304791B52A64}.Release|iPhone.ActiveCfg = Release|Any CPU
		{C21DA56A-270D-4824-A01C-304791B52A64}.Release|iPhone.Build.0 = Release|Any CPU
		{C21DA56A-270D-4824-A01C-304791B52A64}.Release|iPhoneSimulator.ActiveCfg = Release|Any CPU
		{C21DA56A-270D-4824-A01C-304791B52A64}.Release|iPhoneSimulator.Build.0 = Release|Any CPU
		{C21DA56A-270D-4824-A01C-304791B52A64}.Release|x64.ActiveCfg = Release|Any CPU
		{C21DA56A-270D-4824-A01C-304791B52A64}.Release|x64.Build.0 = Release|Any CPU
		{C21DA56A-270D-4824-A01C-304791B52A64}.Release|x86.ActiveCfg = Release|Any CPU
		{C21DA56A-270D-4824-A01C-304791B52A64}.Release|x86.Build.0 = Release|Any CPU
		{1FDE7622-F353-44F5-A1D0-33394261A3F1}.Ad-Hoc|Any CPU.ActiveCfg = Release|Any CPU
		{1FDE7622-F353-44F5-A1D0-33394261A3F1}.Ad-Hoc|Any CPU.Build.0 = Release|Any CPU
		{1FDE7622-F353-44F5-A1D0-33394261A3F1}.Ad-Hoc|Any CPU.Deploy.0 = Release|Any CPU
		{1FDE7622-F353-44F5-A1D0-33394261A3F1}.Ad-Hoc|ARM.ActiveCfg = Release|Any CPU
		{1FDE7622-F353-44F5-A1D0-33394261A3F1}.Ad-Hoc|ARM.Build.0 = Release|Any CPU
		{1FDE7622-F353-44F5-A1D0-33394261A3F1}.Ad-Hoc|ARM.Deploy.0 = Release|Any CPU
		{1FDE7622-F353-44F5-A1D0-33394261A3F1}.Ad-Hoc|iPhone.ActiveCfg = Release|Any CPU
		{1FDE7622-F353-44F5-A1D0-33394261A3F1}.Ad-Hoc|iPhone.Build.0 = Release|Any CPU
		{1FDE7622-F353-44F5-A1D0-33394261A3F1}.Ad-Hoc|iPhone.Deploy.0 = Release|Any CPU
		{1FDE7622-F353-44F5-A1D0-33394261A3F1}.Ad-Hoc|iPhoneSimulator.ActiveCfg = Release|Any CPU
		{1FDE7622-F353-44F5-A1D0-33394261A3F1}.Ad-Hoc|iPhoneSimulator.Build.0 = Release|Any CPU
		{1FDE7622-F353-44F5-A1D0-33394261A3F1}.Ad-Hoc|iPhoneSimulator.Deploy.0 = Release|Any CPU
		{1FDE7622-F353-44F5-A1D0-33394261A3F1}.Ad-Hoc|x64.ActiveCfg = Release|Any CPU
		{1FDE7622-F353-44F5-A1D0-33394261A3F1}.Ad-Hoc|x64.Build.0 = Release|Any CPU
		{1FDE7622-F353-44F5-A1D0-33394261A3F1}.Ad-Hoc|x64.Deploy.0 = Release|Any CPU
		{1FDE7622-F353-44F5-A1D0-33394261A3F1}.Ad-Hoc|x86.ActiveCfg = Release|Any CPU
		{1FDE7622-F353-44F5-A1D0-33394261A3F1}.Ad-Hoc|x86.Build.0 = Release|Any CPU
		{1FDE7622-F353-44F5-A1D0-33394261A3F1}.Ad-Hoc|x86.Deploy.0 = Release|Any CPU
		{1FDE7622-F353-44F5-A1D0-33394261A3F1}.AppStore|Any CPU.ActiveCfg = Release|Any CPU
		{1FDE7622-F353-44F5-A1D0-33394261A3F1}.AppStore|Any CPU.Build.0 = Release|Any CPU
		{1FDE7622-F353-44F5-A1D0-33394261A3F1}.AppStore|Any CPU.Deploy.0 = Release|Any CPU
		{1FDE7622-F353-44F5-A1D0-33394261A3F1}.AppStore|ARM.ActiveCfg = Release|Any CPU
		{1FDE7622-F353-44F5-A1D0-33394261A3F1}.AppStore|ARM.Build.0 = Release|Any CPU
		{1FDE7622-F353-44F5-A1D0-33394261A3F1}.AppStore|ARM.Deploy.0 = Release|Any CPU
		{1FDE7622-F353-44F5-A1D0-33394261A3F1}.AppStore|iPhone.ActiveCfg = Release|Any CPU
		{1FDE7622-F353-44F5-A1D0-33394261A3F1}.AppStore|iPhone.Build.0 = Release|Any CPU
		{1FDE7622-F353-44F5-A1D0-33394261A3F1}.AppStore|iPhone.Deploy.0 = Release|Any CPU
		{1FDE7622-F353-44F5-A1D0-33394261A3F1}.AppStore|iPhoneSimulator.ActiveCfg = Release|Any CPU
		{1FDE7622-F353-44F5-A1D0-33394261A3F1}.AppStore|iPhoneSimulator.Build.0 = Release|Any CPU
		{1FDE7622-F353-44F5-A1D0-33394261A3F1}.AppStore|iPhoneSimulator.Deploy.0 = Release|Any CPU
		{1FDE7622-F353-44F5-A1D0-33394261A3F1}.AppStore|x64.ActiveCfg = Release|Any CPU
		{1FDE7622-F353-44F5-A1D0-33394261A3F1}.AppStore|x64.Build.0 = Release|Any CPU
		{1FDE7622-F353-44F5-A1D0-33394261A3F1}.AppStore|x64.Deploy.0 = Release|Any CPU
		{1FDE7622-F353-44F5-A1D0-33394261A3F1}.AppStore|x86.ActiveCfg = Release|Any CPU
		{1FDE7622-F353-44F5-A1D0-33394261A3F1}.AppStore|x86.Build.0 = Release|Any CPU
		{1FDE7622-F353-44F5-A1D0-33394261A3F1}.AppStore|x86.Deploy.0 = Release|Any CPU
		{1FDE7622-F353-44F5-A1D0-33394261A3F1}.Debug|Any CPU.ActiveCfg = Debug|Any CPU
		{1FDE7622-F353-44F5-A1D0-33394261A3F1}.Debug|Any CPU.Build.0 = Debug|Any CPU
		{1FDE7622-F353-44F5-A1D0-33394261A3F1}.Debug|Any CPU.Deploy.0 = Debug|Any CPU
		{1FDE7622-F353-44F5-A1D0-33394261A3F1}.Debug|ARM.ActiveCfg = Debug|Any CPU
		{1FDE7622-F353-44F5-A1D0-33394261A3F1}.Debug|ARM.Build.0 = Debug|Any CPU
		{1FDE7622-F353-44F5-A1D0-33394261A3F1}.Debug|ARM.Deploy.0 = Debug|Any CPU
		{1FDE7622-F353-44F5-A1D0-33394261A3F1}.Debug|iPhone.ActiveCfg = Debug|Any CPU
		{1FDE7622-F353-44F5-A1D0-33394261A3F1}.Debug|iPhone.Build.0 = Debug|Any CPU
		{1FDE7622-F353-44F5-A1D0-33394261A3F1}.Debug|iPhone.Deploy.0 = Debug|Any CPU
		{1FDE7622-F353-44F5-A1D0-33394261A3F1}.Debug|iPhoneSimulator.ActiveCfg = Debug|Any CPU
		{1FDE7622-F353-44F5-A1D0-33394261A3F1}.Debug|iPhoneSimulator.Build.0 = Debug|Any CPU
		{1FDE7622-F353-44F5-A1D0-33394261A3F1}.Debug|iPhoneSimulator.Deploy.0 = Debug|Any CPU
		{1FDE7622-F353-44F5-A1D0-33394261A3F1}.Debug|x64.ActiveCfg = Debug|Any CPU
		{1FDE7622-F353-44F5-A1D0-33394261A3F1}.Debug|x64.Build.0 = Debug|Any CPU
		{1FDE7622-F353-44F5-A1D0-33394261A3F1}.Debug|x64.Deploy.0 = Debug|Any CPU
		{1FDE7622-F353-44F5-A1D0-33394261A3F1}.Debug|x86.ActiveCfg = Debug|Any CPU
		{1FDE7622-F353-44F5-A1D0-33394261A3F1}.Debug|x86.Build.0 = Debug|Any CPU
		{1FDE7622-F353-44F5-A1D0-33394261A3F1}.Debug|x86.Deploy.0 = Debug|Any CPU
		{1FDE7622-F353-44F5-A1D0-33394261A3F1}.Release|Any CPU.ActiveCfg = Release|Any CPU
		{1FDE7622-F353-44F5-A1D0-33394261A3F1}.Release|Any CPU.Build.0 = Release|Any CPU
		{1FDE7622-F353-44F5-A1D0-33394261A3F1}.Release|Any CPU.Deploy.0 = Release|Any CPU
		{1FDE7622-F353-44F5-A1D0-33394261A3F1}.Release|ARM.ActiveCfg = Release|Any CPU
		{1FDE7622-F353-44F5-A1D0-33394261A3F1}.Release|ARM.Build.0 = Release|Any CPU
		{1FDE7622-F353-44F5-A1D0-33394261A3F1}.Release|ARM.Deploy.0 = Release|Any CPU
		{1FDE7622-F353-44F5-A1D0-33394261A3F1}.Release|iPhone.ActiveCfg = Release|Any CPU
		{1FDE7622-F353-44F5-A1D0-33394261A3F1}.Release|iPhone.Build.0 = Release|Any CPU
		{1FDE7622-F353-44F5-A1D0-33394261A3F1}.Release|iPhone.Deploy.0 = Release|Any CPU
		{1FDE7622-F353-44F5-A1D0-33394261A3F1}.Release|iPhoneSimulator.ActiveCfg = Release|Any CPU
		{1FDE7622-F353-44F5-A1D0-33394261A3F1}.Release|iPhoneSimulator.Build.0 = Release|Any CPU
		{1FDE7622-F353-44F5-A1D0-33394261A3F1}.Release|iPhoneSimulator.Deploy.0 = Release|Any CPU
		{1FDE7622-F353-44F5-A1D0-33394261A3F1}.Release|x64.ActiveCfg = Release|Any CPU
		{1FDE7622-F353-44F5-A1D0-33394261A3F1}.Release|x64.Build.0 = Release|Any CPU
		{1FDE7622-F353-44F5-A1D0-33394261A3F1}.Release|x64.Deploy.0 = Release|Any CPU
		{1FDE7622-F353-44F5-A1D0-33394261A3F1}.Release|x86.ActiveCfg = Release|Any CPU
		{1FDE7622-F353-44F5-A1D0-33394261A3F1}.Release|x86.Build.0 = Release|Any CPU
		{1FDE7622-F353-44F5-A1D0-33394261A3F1}.Release|x86.Deploy.0 = Release|Any CPU
		{5159C676-1CD2-47E6-A059-0580E32F5EAF}.Ad-Hoc|Any CPU.ActiveCfg = Ad-Hoc|iPhone
		{5159C676-1CD2-47E6-A059-0580E32F5EAF}.Ad-Hoc|ARM.ActiveCfg = Ad-Hoc|iPhone
		{5159C676-1CD2-47E6-A059-0580E32F5EAF}.Ad-Hoc|iPhone.ActiveCfg = Ad-Hoc|iPhone
		{5159C676-1CD2-47E6-A059-0580E32F5EAF}.Ad-Hoc|iPhone.Build.0 = Ad-Hoc|iPhone
		{5159C676-1CD2-47E6-A059-0580E32F5EAF}.Ad-Hoc|iPhoneSimulator.ActiveCfg = Ad-Hoc|iPhoneSimulator
		{5159C676-1CD2-47E6-A059-0580E32F5EAF}.Ad-Hoc|iPhoneSimulator.Build.0 = Ad-Hoc|iPhoneSimulator
		{5159C676-1CD2-47E6-A059-0580E32F5EAF}.Ad-Hoc|x64.ActiveCfg = Ad-Hoc|iPhone
		{5159C676-1CD2-47E6-A059-0580E32F5EAF}.Ad-Hoc|x86.ActiveCfg = Ad-Hoc|iPhone
		{5159C676-1CD2-47E6-A059-0580E32F5EAF}.AppStore|Any CPU.ActiveCfg = AppStore|iPhone
		{5159C676-1CD2-47E6-A059-0580E32F5EAF}.AppStore|ARM.ActiveCfg = AppStore|iPhone
		{5159C676-1CD2-47E6-A059-0580E32F5EAF}.AppStore|iPhone.ActiveCfg = AppStore|iPhone
		{5159C676-1CD2-47E6-A059-0580E32F5EAF}.AppStore|iPhone.Build.0 = AppStore|iPhone
		{5159C676-1CD2-47E6-A059-0580E32F5EAF}.AppStore|iPhoneSimulator.ActiveCfg = AppStore|iPhoneSimulator
		{5159C676-1CD2-47E6-A059-0580E32F5EAF}.AppStore|iPhoneSimulator.Build.0 = AppStore|iPhoneSimulator
		{5159C676-1CD2-47E6-A059-0580E32F5EAF}.AppStore|x64.ActiveCfg = AppStore|iPhone
		{5159C676-1CD2-47E6-A059-0580E32F5EAF}.AppStore|x86.ActiveCfg = AppStore|iPhone
		{5159C676-1CD2-47E6-A059-0580E32F5EAF}.Debug|Any CPU.ActiveCfg = Debug|iPhone
		{5159C676-1CD2-47E6-A059-0580E32F5EAF}.Debug|ARM.ActiveCfg = Debug|iPhone
		{5159C676-1CD2-47E6-A059-0580E32F5EAF}.Debug|iPhone.ActiveCfg = Debug|iPhone
		{5159C676-1CD2-47E6-A059-0580E32F5EAF}.Debug|iPhone.Build.0 = Debug|iPhone
		{5159C676-1CD2-47E6-A059-0580E32F5EAF}.Debug|iPhoneSimulator.ActiveCfg = Debug|iPhoneSimulator
		{5159C676-1CD2-47E6-A059-0580E32F5EAF}.Debug|iPhoneSimulator.Build.0 = Debug|iPhoneSimulator
		{5159C676-1CD2-47E6-A059-0580E32F5EAF}.Debug|x64.ActiveCfg = Debug|iPhone
		{5159C676-1CD2-47E6-A059-0580E32F5EAF}.Debug|x86.ActiveCfg = Debug|iPhone
		{5159C676-1CD2-47E6-A059-0580E32F5EAF}.Release|Any CPU.ActiveCfg = Release|iPhone
		{5159C676-1CD2-47E6-A059-0580E32F5EAF}.Release|ARM.ActiveCfg = Release|iPhone
		{5159C676-1CD2-47E6-A059-0580E32F5EAF}.Release|iPhone.ActiveCfg = Release|iPhone
		{5159C676-1CD2-47E6-A059-0580E32F5EAF}.Release|iPhone.Build.0 = Release|iPhone
		{5159C676-1CD2-47E6-A059-0580E32F5EAF}.Release|iPhoneSimulator.ActiveCfg = Release|iPhoneSimulator
		{5159C676-1CD2-47E6-A059-0580E32F5EAF}.Release|iPhoneSimulator.Build.0 = Release|iPhoneSimulator
		{5159C676-1CD2-47E6-A059-0580E32F5EAF}.Release|x64.ActiveCfg = Release|iPhone
		{5159C676-1CD2-47E6-A059-0580E32F5EAF}.Release|x86.ActiveCfg = Release|iPhone
		{72839D1A-E6B3-43AB-83C9-F83AF1F27D99}.Ad-Hoc|Any CPU.ActiveCfg = Release|x86
		{72839D1A-E6B3-43AB-83C9-F83AF1F27D99}.Ad-Hoc|Any CPU.Build.0 = Release|x86
		{72839D1A-E6B3-43AB-83C9-F83AF1F27D99}.Ad-Hoc|Any CPU.Deploy.0 = Release|x86
		{72839D1A-E6B3-43AB-83C9-F83AF1F27D99}.Ad-Hoc|ARM.ActiveCfg = Release|ARM
		{72839D1A-E6B3-43AB-83C9-F83AF1F27D99}.Ad-Hoc|ARM.Build.0 = Release|ARM
		{72839D1A-E6B3-43AB-83C9-F83AF1F27D99}.Ad-Hoc|ARM.Deploy.0 = Release|ARM
		{72839D1A-E6B3-43AB-83C9-F83AF1F27D99}.Ad-Hoc|iPhone.ActiveCfg = Release|x86
		{72839D1A-E6B3-43AB-83C9-F83AF1F27D99}.Ad-Hoc|iPhone.Build.0 = Release|x86
		{72839D1A-E6B3-43AB-83C9-F83AF1F27D99}.Ad-Hoc|iPhone.Deploy.0 = Release|x86
		{72839D1A-E6B3-43AB-83C9-F83AF1F27D99}.Ad-Hoc|iPhoneSimulator.ActiveCfg = Release|x86
		{72839D1A-E6B3-43AB-83C9-F83AF1F27D99}.Ad-Hoc|iPhoneSimulator.Build.0 = Release|x86
		{72839D1A-E6B3-43AB-83C9-F83AF1F27D99}.Ad-Hoc|iPhoneSimulator.Deploy.0 = Release|x86
		{72839D1A-E6B3-43AB-83C9-F83AF1F27D99}.Ad-Hoc|x64.ActiveCfg = Release|x64
		{72839D1A-E6B3-43AB-83C9-F83AF1F27D99}.Ad-Hoc|x64.Build.0 = Release|x64
		{72839D1A-E6B3-43AB-83C9-F83AF1F27D99}.Ad-Hoc|x64.Deploy.0 = Release|x64
		{72839D1A-E6B3-43AB-83C9-F83AF1F27D99}.Ad-Hoc|x86.ActiveCfg = Release|x86
		{72839D1A-E6B3-43AB-83C9-F83AF1F27D99}.Ad-Hoc|x86.Build.0 = Release|x86
		{72839D1A-E6B3-43AB-83C9-F83AF1F27D99}.Ad-Hoc|x86.Deploy.0 = Release|x86
		{72839D1A-E6B3-43AB-83C9-F83AF1F27D99}.AppStore|Any CPU.ActiveCfg = Release|x86
		{72839D1A-E6B3-43AB-83C9-F83AF1F27D99}.AppStore|Any CPU.Build.0 = Release|x86
		{72839D1A-E6B3-43AB-83C9-F83AF1F27D99}.AppStore|Any CPU.Deploy.0 = Release|x86
		{72839D1A-E6B3-43AB-83C9-F83AF1F27D99}.AppStore|ARM.ActiveCfg = Release|ARM
		{72839D1A-E6B3-43AB-83C9-F83AF1F27D99}.AppStore|ARM.Build.0 = Release|ARM
		{72839D1A-E6B3-43AB-83C9-F83AF1F27D99}.AppStore|ARM.Deploy.0 = Release|ARM
		{72839D1A-E6B3-43AB-83C9-F83AF1F27D99}.AppStore|iPhone.ActiveCfg = Release|x86
		{72839D1A-E6B3-43AB-83C9-F83AF1F27D99}.AppStore|iPhone.Build.0 = Release|x86
		{72839D1A-E6B3-43AB-83C9-F83AF1F27D99}.AppStore|iPhone.Deploy.0 = Release|x86
		{72839D1A-E6B3-43AB-83C9-F83AF1F27D99}.AppStore|iPhoneSimulator.ActiveCfg = Release|x86
		{72839D1A-E6B3-43AB-83C9-F83AF1F27D99}.AppStore|iPhoneSimulator.Build.0 = Release|x86
		{72839D1A-E6B3-43AB-83C9-F83AF1F27D99}.AppStore|iPhoneSimulator.Deploy.0 = Release|x86
		{72839D1A-E6B3-43AB-83C9-F83AF1F27D99}.AppStore|x64.ActiveCfg = Release|x64
		{72839D1A-E6B3-43AB-83C9-F83AF1F27D99}.AppStore|x64.Build.0 = Release|x64
		{72839D1A-E6B3-43AB-83C9-F83AF1F27D99}.AppStore|x64.Deploy.0 = Release|x64
		{72839D1A-E6B3-43AB-83C9-F83AF1F27D99}.AppStore|x86.ActiveCfg = Release|x86
		{72839D1A-E6B3-43AB-83C9-F83AF1F27D99}.AppStore|x86.Build.0 = Release|x86
		{72839D1A-E6B3-43AB-83C9-F83AF1F27D99}.AppStore|x86.Deploy.0 = Release|x86
		{72839D1A-E6B3-43AB-83C9-F83AF1F27D99}.Debug|Any CPU.ActiveCfg = Debug|x86
		{72839D1A-E6B3-43AB-83C9-F83AF1F27D99}.Debug|ARM.ActiveCfg = Debug|ARM
		{72839D1A-E6B3-43AB-83C9-F83AF1F27D99}.Debug|ARM.Build.0 = Debug|ARM
		{72839D1A-E6B3-43AB-83C9-F83AF1F27D99}.Debug|ARM.Deploy.0 = Debug|ARM
		{72839D1A-E6B3-43AB-83C9-F83AF1F27D99}.Debug|iPhone.ActiveCfg = Debug|x86
		{72839D1A-E6B3-43AB-83C9-F83AF1F27D99}.Debug|iPhoneSimulator.ActiveCfg = Debug|x86
		{72839D1A-E6B3-43AB-83C9-F83AF1F27D99}.Debug|x64.ActiveCfg = Debug|x64
		{72839D1A-E6B3-43AB-83C9-F83AF1F27D99}.Debug|x64.Build.0 = Debug|x64
		{72839D1A-E6B3-43AB-83C9-F83AF1F27D99}.Debug|x64.Deploy.0 = Debug|x64
		{72839D1A-E6B3-43AB-83C9-F83AF1F27D99}.Debug|x86.ActiveCfg = Debug|x86
		{72839D1A-E6B3-43AB-83C9-F83AF1F27D99}.Debug|x86.Build.0 = Debug|x86
		{72839D1A-E6B3-43AB-83C9-F83AF1F27D99}.Debug|x86.Deploy.0 = Debug|x86
		{72839D1A-E6B3-43AB-83C9-F83AF1F27D99}.Release|Any CPU.ActiveCfg = Release|x86
		{72839D1A-E6B3-43AB-83C9-F83AF1F27D99}.Release|ARM.ActiveCfg = Release|ARM
		{72839D1A-E6B3-43AB-83C9-F83AF1F27D99}.Release|ARM.Build.0 = Release|ARM
		{72839D1A-E6B3-43AB-83C9-F83AF1F27D99}.Release|ARM.Deploy.0 = Release|ARM
		{72839D1A-E6B3-43AB-83C9-F83AF1F27D99}.Release|iPhone.ActiveCfg = Release|x86
		{72839D1A-E6B3-43AB-83C9-F83AF1F27D99}.Release|iPhoneSimulator.ActiveCfg = Release|x86
		{72839D1A-E6B3-43AB-83C9-F83AF1F27D99}.Release|x64.ActiveCfg = Release|x64
		{72839D1A-E6B3-43AB-83C9-F83AF1F27D99}.Release|x64.Build.0 = Release|x64
		{72839D1A-E6B3-43AB-83C9-F83AF1F27D99}.Release|x64.Deploy.0 = Release|x64
		{72839D1A-E6B3-43AB-83C9-F83AF1F27D99}.Release|x86.ActiveCfg = Release|x86
		{72839D1A-E6B3-43AB-83C9-F83AF1F27D99}.Release|x86.Build.0 = Release|x86
		{72839D1A-E6B3-43AB-83C9-F83AF1F27D99}.Release|x86.Deploy.0 = Release|x86
	EndGlobalSection
	GlobalSection(SolutionProperties) = preSolution
		HideSolutionNode = FALSE
	EndGlobalSection
EndGlobal
